<?xml version="1.0" encoding="UTF-8"?>
<!DOCTYPE plist PUBLIC "-//Apple//DTD PLIST 1.0//EN" "http://www.apple.com/DTDs/PropertyList-1.0.dtd">
<plist version="1.0">
<dict>
	<key>archiveVersion</key>
	<string>1</string>
	<key>classes</key>
	<dict/>
	<key>objectVersion</key>
	<string>46</string>
	<key>objects</key>
	<dict>
		<key>299EB985527ED8CC28E5D779</key>
		<dict>
			<key>children</key>
			<array>
				<string>578078E0179665AFBDDEF395</string>
				<string>E8C348EAAA02DE2023F11D91</string>
			</array>
			<key>isa</key>
			<string>PBXGroup</string>
			<key>name</key>
			<string>Pods</string>
			<key>sourceTree</key>
			<string>&lt;group&gt;</string>
		</dict>
		<key>3922D5F019503B5C00950F37</key>
		<dict>
			<key>children</key>
			<array>
				<string>398359361958478F0053E47D</string>
				<string>398359371958478F0053E47D</string>
			</array>
			<key>isa</key>
			<string>PBXGroup</string>
			<key>name</key>
			<string>Sortable</string>
			<key>sourceTree</key>
			<string>&lt;group&gt;</string>
		</dict>
		<key>393F70A41947585A00CCC54C</key>
		<dict>
			<key>children</key>
			<array>
				<string>3983592D195847790053E47D</string>
				<string>3983592E195847790053E47D</string>
			</array>
			<key>isa</key>
			<string>PBXGroup</string>
			<key>name</key>
			<string>SingleSelection</string>
			<key>sourceTree</key>
			<string>&lt;group&gt;</string>
		</dict>
		<key>3956690D19B9953B003B8FDB</key>
		<dict>
			<key>children</key>
			<array>
				<string>3956690E19B99564003B8FDB</string>
				<string>3956690F19B99564003B8FDB</string>
			</array>
			<key>isa</key>
			<string>PBXGroup</string>
			<key>name</key>
			<string>Instruction</string>
			<key>sourceTree</key>
			<string>&lt;group&gt;</string>
		</dict>
		<key>3956690E19B99564003B8FDB</key>
		<dict>
			<key>fileEncoding</key>
			<string>4</string>
			<key>isa</key>
			<string>PBXFileReference</string>
			<key>lastKnownFileType</key>
			<string>sourcecode.c.h</string>
			<key>name</key>
			<string>QULQuestionnaireInstructionViewController.h</string>
			<key>path</key>
			<string>QULQuestionnaire/Instruction/QULQuestionnaireInstructionViewController.h</string>
			<key>sourceTree</key>
			<string>SOURCE_ROOT</string>
		</dict>
		<key>3956690F19B99564003B8FDB</key>
		<dict>
			<key>fileEncoding</key>
			<string>4</string>
			<key>isa</key>
			<string>PBXFileReference</string>
			<key>lastKnownFileType</key>
			<string>sourcecode.c.objc</string>
			<key>name</key>
			<string>QULQuestionnaireInstructionViewController.m</string>
			<key>path</key>
			<string>QULQuestionnaire/Instruction/QULQuestionnaireInstructionViewController.m</string>
			<key>sourceTree</key>
			<string>SOURCE_ROOT</string>
		</dict>
		<key>3956691019B99564003B8FDB</key>
		<dict>
			<key>fileRef</key>
			<string>3956690F19B99564003B8FDB</string>
			<key>isa</key>
			<string>PBXBuildFile</string>
		</dict>
		<key>396FF7F1194096AE0099714B</key>
		<dict>
			<key>children</key>
			<array>
				<string>396FF803194096AE0099714B</string>
				<string>396FF822194096AF0099714B</string>
				<string>396FF7FC194096AE0099714B</string>
				<string>396FF7FB194096AE0099714B</string>
				<string>299EB985527ED8CC28E5D779</string>
			</array>
			<key>isa</key>
			<string>PBXGroup</string>
			<key>sourceTree</key>
			<string>&lt;group&gt;</string>
		</dict>
		<key>396FF7F2194096AE0099714B</key>
		<dict>
			<key>attributes</key>
			<dict>
				<key>CLASSPREFIX</key>
				<string>QUL</string>
				<key>LastUpgradeCheck</key>
				<string>0510</string>
				<key>ORGANIZATIONNAME</key>
				<string>Quality and Usability Lab, Telekom Innovation Laboratories, TU Berlin</string>
				<key>TargetAttributes</key>
				<dict>
					<key>396FF81A194096AF0099714B</key>
					<dict>
						<key>TestTargetID</key>
						<string>396FF7F9194096AE0099714B</string>
					</dict>
				</dict>
			</dict>
			<key>buildConfigurationList</key>
			<string>396FF7F5194096AE0099714B</string>
			<key>compatibilityVersion</key>
			<string>Xcode 3.2</string>
			<key>developmentRegion</key>
			<string>English</string>
			<key>hasScannedForEncodings</key>
			<string>0</string>
			<key>isa</key>
			<string>PBXProject</string>
			<key>knownRegions</key>
			<array>
				<string>en</string>
				<string>Base</string>
			</array>
			<key>mainGroup</key>
			<string>396FF7F1194096AE0099714B</string>
			<key>productRefGroup</key>
			<string>396FF7FB194096AE0099714B</string>
			<key>projectDirPath</key>
			<string></string>
			<key>projectReferences</key>
			<array/>
			<key>projectRoot</key>
			<string></string>
			<key>targets</key>
			<array>
				<string>396FF7F9194096AE0099714B</string>
				<string>396FF81A194096AF0099714B</string>
			</array>
		</dict>
		<key>396FF7F5194096AE0099714B</key>
		<dict>
			<key>buildConfigurations</key>
			<array>
				<string>396FF82A194096AF0099714B</string>
				<string>396FF82B194096AF0099714B</string>
			</array>
			<key>defaultConfigurationIsVisible</key>
			<string>0</string>
			<key>defaultConfigurationName</key>
			<string>Release</string>
			<key>isa</key>
			<string>XCConfigurationList</string>
		</dict>
		<key>396FF7F6194096AE0099714B</key>
		<dict>
			<key>buildActionMask</key>
			<string>2147483647</string>
			<key>files</key>
			<array>
				<string>3983594319584A2F0053E47D</string>
				<string>3983592A195847680053E47D</string>
				<string>3983592F195847790053E47D</string>
				<string>398359171958470A0053E47D</string>
				<string>39835941195849A50053E47D</string>
				<string>39835932195847810053E47D</string>
				<string>39835935195847870053E47D</string>
				<string>3983593E195848E10053E47D</string>
				<string>3956691019B99564003B8FDB</string>
				<string>3983591D195847210053E47D</string>
				<string>3983593B195847990053E47D</string>
				<string>398359381958478F0053E47D</string>
			</array>
			<key>isa</key>
			<string>PBXSourcesBuildPhase</string>
			<key>runOnlyForDeploymentPostprocessing</key>
			<string>0</string>
		</dict>
		<key>396FF7F7194096AE0099714B</key>
		<dict>
			<key>buildActionMask</key>
			<string>2147483647</string>
			<key>files</key>
			<array>
				<string>396FF800194096AE0099714B</string>
				<string>396FF802194096AE0099714B</string>
				<string>396FF7FE194096AE0099714B</string>
				<string>AB49AF2D16D34E8587BF8FF3</string>
			</array>
			<key>isa</key>
			<string>PBXFrameworksBuildPhase</string>
			<key>runOnlyForDeploymentPostprocessing</key>
			<string>0</string>
		</dict>
		<key>396FF7F8194096AE0099714B</key>
		<dict>
			<key>buildActionMask</key>
			<string>2147483647</string>
			<key>files</key>
			<array>
				<string>39835913195846F90053E47D</string>
				<string>398359201958472B0053E47D</string>
				<string>3983591A195847190053E47D</string>
				<string>3983592C195847700053E47D</string>
				<string>39835923195847310053E47D</string>
			</array>
			<key>isa</key>
			<string>PBXResourcesBuildPhase</string>
			<key>runOnlyForDeploymentPostprocessing</key>
			<string>0</string>
		</dict>
		<key>396FF7F9194096AE0099714B</key>
		<dict>
			<key>buildConfigurationList</key>
			<string>396FF82C194096AF0099714B</string>
			<key>buildPhases</key>
			<array>
				<string>698F19D7E5FF41F09F7D2F45</string>
				<string>396FF7F6194096AE0099714B</string>
				<string>396FF7F7194096AE0099714B</string>
				<string>396FF7F8194096AE0099714B</string>
				<string>B2B3FB6A08054815972401D9</string>
			</array>
			<key>buildRules</key>
			<array/>
			<key>dependencies</key>
			<array/>
			<key>isa</key>
			<string>PBXNativeTarget</string>
			<key>name</key>
			<string>QULQuestionnaire-Demo</string>
			<key>productName</key>
			<string>QUeQuestionnaire</string>
			<key>productReference</key>
			<string>396FF7FA194096AE0099714B</string>
			<key>productType</key>
			<string>com.apple.product-type.application</string>
		</dict>
		<key>396FF7FA194096AE0099714B</key>
		<dict>
			<key>explicitFileType</key>
			<string>wrapper.application</string>
			<key>includeInIndex</key>
			<string>0</string>
			<key>isa</key>
			<string>PBXFileReference</string>
			<key>path</key>
			<string>QULQuestionnaire-Demo.app</string>
			<key>sourceTree</key>
			<string>BUILT_PRODUCTS_DIR</string>
		</dict>
		<key>396FF7FB194096AE0099714B</key>
		<dict>
			<key>children</key>
			<array>
				<string>396FF7FA194096AE0099714B</string>
				<string>396FF81B194096AF0099714B</string>
			</array>
			<key>isa</key>
			<string>PBXGroup</string>
			<key>name</key>
			<string>Products</string>
			<key>sourceTree</key>
			<string>&lt;group&gt;</string>
		</dict>
		<key>396FF7FC194096AE0099714B</key>
		<dict>
			<key>children</key>
			<array>
				<string>396FF7FD194096AE0099714B</string>
				<string>396FF7FF194096AE0099714B</string>
				<string>396FF801194096AE0099714B</string>
				<string>396FF81C194096AF0099714B</string>
				<string>DD47CCE44713423884CB82E6</string>
			</array>
			<key>isa</key>
			<string>PBXGroup</string>
			<key>name</key>
			<string>Frameworks</string>
			<key>sourceTree</key>
			<string>&lt;group&gt;</string>
		</dict>
		<key>396FF7FD194096AE0099714B</key>
		<dict>
			<key>isa</key>
			<string>PBXFileReference</string>
			<key>lastKnownFileType</key>
			<string>wrapper.framework</string>
			<key>name</key>
			<string>Foundation.framework</string>
			<key>path</key>
			<string>System/Library/Frameworks/Foundation.framework</string>
			<key>sourceTree</key>
			<string>SDKROOT</string>
		</dict>
		<key>396FF7FE194096AE0099714B</key>
		<dict>
			<key>fileRef</key>
			<string>396FF7FD194096AE0099714B</string>
			<key>isa</key>
			<string>PBXBuildFile</string>
		</dict>
		<key>396FF7FF194096AE0099714B</key>
		<dict>
			<key>isa</key>
			<string>PBXFileReference</string>
			<key>lastKnownFileType</key>
			<string>wrapper.framework</string>
			<key>name</key>
			<string>CoreGraphics.framework</string>
			<key>path</key>
			<string>System/Library/Frameworks/CoreGraphics.framework</string>
			<key>sourceTree</key>
			<string>SDKROOT</string>
		</dict>
		<key>396FF800194096AE0099714B</key>
		<dict>
			<key>fileRef</key>
			<string>396FF7FF194096AE0099714B</string>
			<key>isa</key>
			<string>PBXBuildFile</string>
		</dict>
		<key>396FF801194096AE0099714B</key>
		<dict>
			<key>isa</key>
			<string>PBXFileReference</string>
			<key>lastKnownFileType</key>
			<string>wrapper.framework</string>
			<key>name</key>
			<string>UIKit.framework</string>
			<key>path</key>
			<string>System/Library/Frameworks/UIKit.framework</string>
			<key>sourceTree</key>
			<string>SDKROOT</string>
		</dict>
		<key>396FF802194096AE0099714B</key>
		<dict>
			<key>fileRef</key>
			<string>396FF801194096AE0099714B</string>
			<key>isa</key>
			<string>PBXBuildFile</string>
		</dict>
		<key>396FF803194096AE0099714B</key>
		<dict>
			<key>children</key>
			<array>
				<string>398359241958474D0053E47D</string>
				<string>39835912195846F90053E47D</string>
				<string>39835919195847190053E47D</string>
				<string>39835921195847310053E47D</string>
				<string>3983591B195847210053E47D</string>
				<string>3983591C195847210053E47D</string>
				<string>3983593F195849A50053E47D</string>
				<string>39835940195849A50053E47D</string>
				<string>396FF804194096AE0099714B</string>
			</array>
			<key>isa</key>
			<string>PBXGroup</string>
			<key>name</key>
			<string>QULQuestionnaire-Demo</string>
			<key>path</key>
			<string>QUeQuestionnaire</string>
			<key>sourceTree</key>
			<string>&lt;group&gt;</string>
		</dict>
		<key>396FF804194096AE0099714B</key>
		<dict>
			<key>children</key>
			<array>
				<string>398359141958470A0053E47D</string>
				<string>3983591E1958472B0053E47D</string>
				<string>398359151958470A0053E47D</string>
				<string>398359161958470A0053E47D</string>
			</array>
			<key>isa</key>
			<string>PBXGroup</string>
			<key>name</key>
			<string>Supporting Files</string>
			<key>sourceTree</key>
			<string>&lt;group&gt;</string>
		</dict>
		<key>396FF817194096AF0099714B</key>
		<dict>
			<key>buildActionMask</key>
			<string>2147483647</string>
			<key>files</key>
			<array/>
			<key>isa</key>
			<string>PBXSourcesBuildPhase</string>
			<key>runOnlyForDeploymentPostprocessing</key>
			<string>0</string>
		</dict>
		<key>396FF818194096AF0099714B</key>
		<dict>
			<key>buildActionMask</key>
			<string>2147483647</string>
			<key>files</key>
			<array>
				<string>396FF81D194096AF0099714B</string>
				<string>396FF81F194096AF0099714B</string>
				<string>396FF81E194096AF0099714B</string>
			</array>
			<key>isa</key>
			<string>PBXFrameworksBuildPhase</string>
			<key>runOnlyForDeploymentPostprocessing</key>
			<string>0</string>
		</dict>
		<key>396FF819194096AF0099714B</key>
		<dict>
			<key>buildActionMask</key>
			<string>2147483647</string>
			<key>files</key>
			<array/>
			<key>isa</key>
			<string>PBXResourcesBuildPhase</string>
			<key>runOnlyForDeploymentPostprocessing</key>
			<string>0</string>
		</dict>
		<key>396FF81A194096AF0099714B</key>
		<dict>
			<key>buildConfigurationList</key>
			<string>396FF82F194096AF0099714B</string>
			<key>buildPhases</key>
			<array>
				<string>396FF817194096AF0099714B</string>
				<string>396FF818194096AF0099714B</string>
				<string>396FF819194096AF0099714B</string>
			</array>
			<key>buildRules</key>
			<array/>
			<key>dependencies</key>
			<array>
				<string>396FF821194096AF0099714B</string>
			</array>
			<key>isa</key>
			<string>PBXNativeTarget</string>
			<key>name</key>
			<string>QULQuestionnaire-DemoTests</string>
			<key>productName</key>
			<string>QUeQuestionnaireTests</string>
			<key>productReference</key>
			<string>396FF81B194096AF0099714B</string>
			<key>productType</key>
			<string>com.apple.product-type.bundle.unit-test</string>
		</dict>
		<key>396FF81B194096AF0099714B</key>
		<dict>
			<key>explicitFileType</key>
			<string>wrapper.cfbundle</string>
			<key>includeInIndex</key>
			<string>0</string>
			<key>isa</key>
			<string>PBXFileReference</string>
			<key>path</key>
			<string>QULQuestionnaire-DemoTests.xctest</string>
			<key>sourceTree</key>
			<string>BUILT_PRODUCTS_DIR</string>
		</dict>
		<key>396FF81C194096AF0099714B</key>
		<dict>
			<key>isa</key>
			<string>PBXFileReference</string>
			<key>lastKnownFileType</key>
			<string>wrapper.framework</string>
			<key>name</key>
			<string>XCTest.framework</string>
			<key>path</key>
			<string>Library/Frameworks/XCTest.framework</string>
			<key>sourceTree</key>
			<string>DEVELOPER_DIR</string>
		</dict>
		<key>396FF81D194096AF0099714B</key>
		<dict>
			<key>fileRef</key>
			<string>396FF81C194096AF0099714B</string>
			<key>isa</key>
			<string>PBXBuildFile</string>
		</dict>
		<key>396FF81E194096AF0099714B</key>
		<dict>
			<key>fileRef</key>
			<string>396FF7FD194096AE0099714B</string>
			<key>isa</key>
			<string>PBXBuildFile</string>
		</dict>
		<key>396FF81F194096AF0099714B</key>
		<dict>
			<key>fileRef</key>
			<string>396FF801194096AE0099714B</string>
			<key>isa</key>
			<string>PBXBuildFile</string>
		</dict>
		<key>396FF820194096AF0099714B</key>
		<dict>
			<key>containerPortal</key>
			<string>396FF7F2194096AE0099714B</string>
			<key>isa</key>
			<string>PBXContainerItemProxy</string>
			<key>proxyType</key>
			<string>1</string>
			<key>remoteGlobalIDString</key>
			<string>396FF7F9194096AE0099714B</string>
			<key>remoteInfo</key>
			<string>QUeQuestionnaire</string>
		</dict>
		<key>396FF821194096AF0099714B</key>
		<dict>
			<key>isa</key>
			<string>PBXTargetDependency</string>
			<key>target</key>
			<string>396FF7F9194096AE0099714B</string>
			<key>targetProxy</key>
			<string>396FF820194096AF0099714B</string>
		</dict>
		<key>396FF822194096AF0099714B</key>
		<dict>
			<key>children</key>
			<array>
				<string>3983590219581F0F0053E47D</string>
				<string>396FF823194096AF0099714B</string>
			</array>
			<key>isa</key>
			<string>PBXGroup</string>
			<key>name</key>
			<string>QULQuestionnaireTests</string>
			<key>path</key>
			<string>QUeQuestionnaireTests</string>
			<key>sourceTree</key>
			<string>&lt;group&gt;</string>
		</dict>
		<key>396FF823194096AF0099714B</key>
		<dict>
			<key>children</key>
			<array>
				<string>3983590719581F2A0053E47D</string>
				<string>3983590419581F1C0053E47D</string>
			</array>
			<key>isa</key>
			<string>PBXGroup</string>
			<key>name</key>
			<string>Supporting Files</string>
			<key>sourceTree</key>
			<string>&lt;group&gt;</string>
		</dict>
		<key>396FF82A194096AF0099714B</key>
		<dict>
			<key>buildSettings</key>
			<dict>
				<key>ALWAYS_SEARCH_USER_PATHS</key>
				<string>NO</string>
				<key>CLANG_CXX_LANGUAGE_STANDARD</key>
				<string>gnu++0x</string>
				<key>CLANG_CXX_LIBRARY</key>
				<string>libc++</string>
				<key>CLANG_ENABLE_MODULES</key>
				<string>YES</string>
				<key>CLANG_ENABLE_OBJC_ARC</key>
				<string>YES</string>
				<key>CLANG_WARN_BOOL_CONVERSION</key>
				<string>YES</string>
				<key>CLANG_WARN_CONSTANT_CONVERSION</key>
				<string>YES</string>
				<key>CLANG_WARN_DIRECT_OBJC_ISA_USAGE</key>
				<string>YES_ERROR</string>
				<key>CLANG_WARN_EMPTY_BODY</key>
				<string>YES</string>
				<key>CLANG_WARN_ENUM_CONVERSION</key>
				<string>YES</string>
				<key>CLANG_WARN_INT_CONVERSION</key>
				<string>YES</string>
				<key>CLANG_WARN_OBJC_ROOT_CLASS</key>
				<string>YES_ERROR</string>
				<key>CLANG_WARN__DUPLICATE_METHOD_MATCH</key>
				<string>YES</string>
				<key>CODE_SIGN_IDENTITY[sdk=iphoneos*]</key>
				<string>iPhone Developer</string>
				<key>COPY_PHASE_STRIP</key>
				<string>NO</string>
				<key>GCC_C_LANGUAGE_STANDARD</key>
				<string>gnu99</string>
				<key>GCC_DYNAMIC_NO_PIC</key>
				<string>NO</string>
				<key>GCC_OPTIMIZATION_LEVEL</key>
				<string>0</string>
				<key>GCC_PREPROCESSOR_DEFINITIONS</key>
				<array>
					<string>DEBUG=1</string>
					<string>$(inherited)</string>
				</array>
				<key>GCC_SYMBOLS_PRIVATE_EXTERN</key>
				<string>NO</string>
				<key>GCC_WARN_64_TO_32_BIT_CONVERSION</key>
				<string>YES</string>
				<key>GCC_WARN_ABOUT_RETURN_TYPE</key>
				<string>YES_ERROR</string>
				<key>GCC_WARN_UNDECLARED_SELECTOR</key>
				<string>YES</string>
				<key>GCC_WARN_UNINITIALIZED_AUTOS</key>
				<string>YES_AGGRESSIVE</string>
				<key>GCC_WARN_UNUSED_FUNCTION</key>
				<string>YES</string>
				<key>GCC_WARN_UNUSED_VARIABLE</key>
				<string>YES</string>
				<key>IPHONEOS_DEPLOYMENT_TARGET</key>
				<string>7.1</string>
				<key>ONLY_ACTIVE_ARCH</key>
				<string>YES</string>
				<key>SDKROOT</key>
				<string>iphoneos</string>
			</dict>
			<key>isa</key>
			<string>XCBuildConfiguration</string>
			<key>name</key>
			<string>Debug</string>
		</dict>
		<key>396FF82B194096AF0099714B</key>
		<dict>
			<key>buildSettings</key>
			<dict>
				<key>ALWAYS_SEARCH_USER_PATHS</key>
				<string>NO</string>
				<key>CLANG_CXX_LANGUAGE_STANDARD</key>
				<string>gnu++0x</string>
				<key>CLANG_CXX_LIBRARY</key>
				<string>libc++</string>
				<key>CLANG_ENABLE_MODULES</key>
				<string>YES</string>
				<key>CLANG_ENABLE_OBJC_ARC</key>
				<string>YES</string>
				<key>CLANG_WARN_BOOL_CONVERSION</key>
				<string>YES</string>
				<key>CLANG_WARN_CONSTANT_CONVERSION</key>
				<string>YES</string>
				<key>CLANG_WARN_DIRECT_OBJC_ISA_USAGE</key>
				<string>YES_ERROR</string>
				<key>CLANG_WARN_EMPTY_BODY</key>
				<string>YES</string>
				<key>CLANG_WARN_ENUM_CONVERSION</key>
				<string>YES</string>
				<key>CLANG_WARN_INT_CONVERSION</key>
				<string>YES</string>
				<key>CLANG_WARN_OBJC_ROOT_CLASS</key>
				<string>YES_ERROR</string>
				<key>CLANG_WARN__DUPLICATE_METHOD_MATCH</key>
				<string>YES</string>
				<key>CODE_SIGN_IDENTITY[sdk=iphoneos*]</key>
				<string>iPhone Developer</string>
				<key>COPY_PHASE_STRIP</key>
				<string>YES</string>
				<key>ENABLE_NS_ASSERTIONS</key>
				<string>NO</string>
				<key>GCC_C_LANGUAGE_STANDARD</key>
				<string>gnu99</string>
				<key>GCC_WARN_64_TO_32_BIT_CONVERSION</key>
				<string>YES</string>
				<key>GCC_WARN_ABOUT_RETURN_TYPE</key>
				<string>YES_ERROR</string>
				<key>GCC_WARN_UNDECLARED_SELECTOR</key>
				<string>YES</string>
				<key>GCC_WARN_UNINITIALIZED_AUTOS</key>
				<string>YES_AGGRESSIVE</string>
				<key>GCC_WARN_UNUSED_FUNCTION</key>
				<string>YES</string>
				<key>GCC_WARN_UNUSED_VARIABLE</key>
				<string>YES</string>
				<key>IPHONEOS_DEPLOYMENT_TARGET</key>
				<string>7.1</string>
				<key>SDKROOT</key>
				<string>iphoneos</string>
				<key>VALIDATE_PRODUCT</key>
				<string>YES</string>
			</dict>
			<key>isa</key>
			<string>XCBuildConfiguration</string>
			<key>name</key>
			<string>Release</string>
		</dict>
		<key>396FF82C194096AF0099714B</key>
		<dict>
			<key>buildConfigurations</key>
			<array>
				<string>396FF82D194096AF0099714B</string>
				<string>396FF82E194096AF0099714B</string>
			</array>
			<key>defaultConfigurationIsVisible</key>
			<string>0</string>
			<key>defaultConfigurationName</key>
			<string>Release</string>
			<key>isa</key>
			<string>XCConfigurationList</string>
		</dict>
		<key>396FF82D194096AF0099714B</key>
		<dict>
			<key>baseConfigurationReference</key>
			<string>578078E0179665AFBDDEF395</string>
			<key>buildSettings</key>
			<dict>
				<key>ASSETCATALOG_COMPILER_APPICON_NAME</key>
				<string>QULQuestionnaireAppIcon</string>
				<key>ASSETCATALOG_COMPILER_LAUNCHIMAGE_NAME</key>
				<string>QULQuestionnaireLaunchImage</string>
				<key>FRAMEWORK_SEARCH_PATHS</key>
				<array>
					<string>$(inherited)</string>
					<string>$(DEVELOPER_FRAMEWORKS_DIR)</string>
				</array>
				<key>GCC_PRECOMPILE_PREFIX_HEADER</key>
				<string>YES</string>
				<key>GCC_PREFIX_HEADER</key>
				<string>QULQuestionnaire-Demo/QULQuestionnaire-Demo-Prefix.pch</string>
				<key>INFOPLIST_FILE</key>
				<string>QULQuestionnaire-Demo/QULQuestionnaire-Demo-Info.plist</string>
				<key>IPHONEOS_DEPLOYMENT_TARGET</key>
				<string>7.0</string>
				<key>PRODUCT_NAME</key>
				<string>QULQuestionnaire-Demo</string>
				<key>TARGETED_DEVICE_FAMILY</key>
				<string>1,2</string>
				<key>WRAPPER_EXTENSION</key>
				<string>app</string>
			</dict>
			<key>isa</key>
			<string>XCBuildConfiguration</string>
			<key>name</key>
			<string>Debug</string>
		</dict>
		<key>396FF82E194096AF0099714B</key>
		<dict>
			<key>baseConfigurationReference</key>
			<string>E8C348EAAA02DE2023F11D91</string>
			<key>buildSettings</key>
			<dict>
				<key>ASSETCATALOG_COMPILER_APPICON_NAME</key>
				<string>QULQuestionnaireAppIcon</string>
				<key>ASSETCATALOG_COMPILER_LAUNCHIMAGE_NAME</key>
				<string>QULQuestionnaireLaunchImage</string>
				<key>FRAMEWORK_SEARCH_PATHS</key>
				<array>
					<string>$(inherited)</string>
					<string>$(DEVELOPER_FRAMEWORKS_DIR)</string>
				</array>
				<key>GCC_PRECOMPILE_PREFIX_HEADER</key>
				<string>YES</string>
				<key>GCC_PREFIX_HEADER</key>
				<string>QULQuestionnaire-Demo/QULQuestionnaire-Demo-Prefix.pch</string>
				<key>INFOPLIST_FILE</key>
				<string>QULQuestionnaire-Demo/QULQuestionnaire-Demo-Info.plist</string>
				<key>IPHONEOS_DEPLOYMENT_TARGET</key>
				<string>7.0</string>
				<key>PRODUCT_NAME</key>
				<string>QULQuestionnaire-Demo</string>
				<key>TARGETED_DEVICE_FAMILY</key>
				<string>1,2</string>
				<key>WRAPPER_EXTENSION</key>
				<string>app</string>
			</dict>
			<key>isa</key>
			<string>XCBuildConfiguration</string>
			<key>name</key>
			<string>Release</string>
		</dict>
		<key>396FF82F194096AF0099714B</key>
		<dict>
			<key>buildConfigurations</key>
			<array>
				<string>396FF830194096AF0099714B</string>
				<string>396FF831194096AF0099714B</string>
			</array>
			<key>defaultConfigurationIsVisible</key>
			<string>0</string>
			<key>defaultConfigurationName</key>
			<string>Release</string>
			<key>isa</key>
			<string>XCConfigurationList</string>
		</dict>
		<key>396FF830194096AF0099714B</key>
		<dict>
			<key>buildSettings</key>
			<dict>
				<key>BUNDLE_LOADER</key>
				<string>$(BUILT_PRODUCTS_DIR)/QULQuestionnaire.app/QULQuestionnaire-Demo</string>
				<key>FRAMEWORK_SEARCH_PATHS</key>
				<array>
					<string>$(SDKROOT)/Developer/Library/Frameworks</string>
					<string>$(inherited)</string>
					<string>$(DEVELOPER_FRAMEWORKS_DIR)</string>
				</array>
				<key>GCC_PRECOMPILE_PREFIX_HEADER</key>
				<string>YES</string>
				<key>GCC_PREFIX_HEADER</key>
				<string>QUeQuestionnaire-Demo/QUeQuestionnaire-Prefix.pch</string>
				<key>GCC_PREPROCESSOR_DEFINITIONS</key>
				<array>
					<string>DEBUG=1</string>
					<string>$(inherited)</string>
				</array>
				<key>INFOPLIST_FILE</key>
				<string>QUeQuestionnaireTests/QULQuestionnaireTests-Info.plist</string>
				<key>PRODUCT_NAME</key>
				<string>QULQuestionnaire-DemoTests</string>
				<key>TEST_HOST</key>
				<string>$(BUNDLE_LOADER)</string>
				<key>WRAPPER_EXTENSION</key>
				<string>xctest</string>
			</dict>
			<key>isa</key>
			<string>XCBuildConfiguration</string>
			<key>name</key>
			<string>Debug</string>
		</dict>
		<key>396FF831194096AF0099714B</key>
		<dict>
			<key>buildSettings</key>
			<dict>
				<key>BUNDLE_LOADER</key>
				<string>$(BUILT_PRODUCTS_DIR)/QULQuestionnaire.app/QULQuestionnaire-Demo</string>
				<key>FRAMEWORK_SEARCH_PATHS</key>
				<array>
					<string>$(SDKROOT)/Developer/Library/Frameworks</string>
					<string>$(inherited)</string>
					<string>$(DEVELOPER_FRAMEWORKS_DIR)</string>
				</array>
				<key>GCC_PRECOMPILE_PREFIX_HEADER</key>
				<string>YES</string>
				<key>GCC_PREFIX_HEADER</key>
				<string>QUeQuestionnaire-Demo/QUeQuestionnaire-Prefix.pch</string>
				<key>INFOPLIST_FILE</key>
				<string>QUeQuestionnaireTests/QULQuestionnaireTests-Info.plist</string>
				<key>PRODUCT_NAME</key>
				<string>QULQuestionnaire-DemoTests</string>
				<key>TEST_HOST</key>
				<string>$(BUNDLE_LOADER)</string>
				<key>WRAPPER_EXTENSION</key>
				<string>xctest</string>
			</dict>
			<key>isa</key>
			<string>XCBuildConfiguration</string>
			<key>name</key>
			<string>Release</string>
		</dict>
		<key>396FF837194099A60099714B</key>
		<dict>
			<key>children</key>
			<array>
				<string>39835930195847810053E47D</string>
				<string>39835931195847810053E47D</string>
			</array>
			<key>isa</key>
			<string>PBXGroup</string>
			<key>name</key>
			<string>Slider</string>
			<key>sourceTree</key>
			<string>&lt;group&gt;</string>
		</dict>
		<key>397132731940A0A000BD87DF</key>
		<dict>
			<key>children</key>
			<array>
				<string>39835933195847870053E47D</string>
				<string>39835934195847870053E47D</string>
			</array>
			<key>isa</key>
			<string>PBXGroup</string>
			<key>name</key>
			<string>Smiley</string>
			<key>sourceTree</key>
			<string>&lt;group&gt;</string>
		</dict>
		<key>3971327E1940BD9900BD87DF</key>
		<dict>
			<key>children</key>
			<array>
				<string>39835939195847990053E47D</string>
				<string>3983593A195847990053E47D</string>
			</array>
			<key>isa</key>
			<string>PBXGroup</string>
			<key>name</key>
			<string>Text</string>
			<key>sourceTree</key>
			<string>&lt;group&gt;</string>
		</dict>
		<key>3983590219581F0F0053E47D</key>
		<dict>
			<key>fileEncoding</key>
			<string>4</string>
			<key>isa</key>
			<string>PBXFileReference</string>
			<key>lastKnownFileType</key>
			<string>sourcecode.c.objc</string>
			<key>name</key>
			<string>QULQuestionnaireTests.m</string>
			<key>path</key>
			<string>QULQuestionnaireTests/QULQuestionnaireTests.m</string>
			<key>sourceTree</key>
			<string>SOURCE_ROOT</string>
		</dict>
		<key>3983590419581F1C0053E47D</key>
		<dict>
			<key>fileEncoding</key>
			<string>4</string>
			<key>isa</key>
			<string>PBXFileReference</string>
			<key>lastKnownFileType</key>
			<string>text.plist.xml</string>
			<key>name</key>
			<string>QULQuestionnaireTests-Info.plist</string>
			<key>path</key>
			<string>QULQuestionnaireTests/QULQuestionnaireTests-Info.plist</string>
			<key>sourceTree</key>
			<string>SOURCE_ROOT</string>
		</dict>
		<key>3983590719581F2A0053E47D</key>
		<dict>
			<key>children</key>
			<array>
				<string>3983590819581F2A0053E47D</string>
			</array>
			<key>isa</key>
			<string>PBXVariantGroup</string>
			<key>name</key>
			<string>InfoPlist.strings</string>
			<key>sourceTree</key>
			<string>&lt;group&gt;</string>
		</dict>
		<key>3983590819581F2A0053E47D</key>
		<dict>
			<key>isa</key>
			<string>PBXFileReference</string>
			<key>lastKnownFileType</key>
			<string>text.plist.strings</string>
			<key>name</key>
			<string>en</string>
			<key>path</key>
			<string>QULQuestionnaireTests/en.lproj/InfoPlist.strings</string>
			<key>sourceTree</key>
			<string>SOURCE_ROOT</string>
		</dict>
		<key>39835912195846F90053E47D</key>
		<dict>
			<key>isa</key>
			<string>PBXFileReference</string>
			<key>lastKnownFileType</key>
			<string>folder.assetcatalog</string>
			<key>name</key>
			<string>Images.xcassets</string>
			<key>path</key>
			<string>QULQuestionnaire-Demo/Images.xcassets</string>
			<key>sourceTree</key>
			<string>SOURCE_ROOT</string>
		</dict>
		<key>39835913195846F90053E47D</key>
		<dict>
			<key>fileRef</key>
			<string>39835912195846F90053E47D</string>
			<key>isa</key>
			<string>PBXBuildFile</string>
		</dict>
		<key>398359141958470A0053E47D</key>
		<dict>
			<key>fileEncoding</key>
			<string>4</string>
			<key>isa</key>
			<string>PBXFileReference</string>
			<key>lastKnownFileType</key>
			<string>sourcecode.c.objc</string>
			<key>name</key>
			<string>main.m</string>
			<key>path</key>
			<string>QULQuestionnaire-Demo/main.m</string>
			<key>sourceTree</key>
			<string>SOURCE_ROOT</string>
		</dict>
		<key>398359151958470A0053E47D</key>
		<dict>
			<key>fileEncoding</key>
			<string>4</string>
			<key>isa</key>
			<string>PBXFileReference</string>
			<key>lastKnownFileType</key>
			<string>text.plist.xml</string>
			<key>name</key>
			<string>QULQuestionnaire-Demo-Info.plist</string>
			<key>path</key>
			<string>QULQuestionnaire-Demo/QULQuestionnaire-Demo-Info.plist</string>
			<key>sourceTree</key>
			<string>SOURCE_ROOT</string>
		</dict>
		<key>398359161958470A0053E47D</key>
		<dict>
			<key>fileEncoding</key>
			<string>4</string>
			<key>isa</key>
			<string>PBXFileReference</string>
			<key>lastKnownFileType</key>
			<string>sourcecode.c.h</string>
			<key>name</key>
			<string>QULQuestionnaire-Demo-Prefix.pch</string>
			<key>path</key>
			<string>QULQuestionnaire-Demo/QULQuestionnaire-Demo-Prefix.pch</string>
			<key>sourceTree</key>
			<string>SOURCE_ROOT</string>
		</dict>
		<key>398359171958470A0053E47D</key>
		<dict>
			<key>fileRef</key>
			<string>398359141958470A0053E47D</string>
			<key>isa</key>
			<string>PBXBuildFile</string>
		</dict>
		<key>39835919195847190053E47D</key>
		<dict>
			<key>fileEncoding</key>
			<string>4</string>
			<key>isa</key>
			<string>PBXFileReference</string>
			<key>lastKnownFileType</key>
			<string>text.json</string>
			<key>name</key>
			<string>questionnaire.json</string>
			<key>path</key>
			<string>QULQuestionnaire-Demo/questionnaire.json</string>
			<key>sourceTree</key>
			<string>SOURCE_ROOT</string>
		</dict>
		<key>3983591A195847190053E47D</key>
		<dict>
			<key>fileRef</key>
			<string>39835919195847190053E47D</string>
			<key>isa</key>
			<string>PBXBuildFile</string>
		</dict>
		<key>3983591B195847210053E47D</key>
		<dict>
			<key>fileEncoding</key>
			<string>4</string>
			<key>isa</key>
			<string>PBXFileReference</string>
			<key>lastKnownFileType</key>
			<string>sourcecode.c.h</string>
			<key>name</key>
			<string>QULAppDelegate.h</string>
			<key>path</key>
			<string>QULQuestionnaire-Demo/QULAppDelegate.h</string>
			<key>sourceTree</key>
			<string>SOURCE_ROOT</string>
		</dict>
		<key>3983591C195847210053E47D</key>
		<dict>
			<key>fileEncoding</key>
			<string>4</string>
			<key>isa</key>
			<string>PBXFileReference</string>
			<key>lastKnownFileType</key>
			<string>sourcecode.c.objc</string>
			<key>name</key>
			<string>QULAppDelegate.m</string>
			<key>path</key>
			<string>QULQuestionnaire-Demo/QULAppDelegate.m</string>
			<key>sourceTree</key>
			<string>SOURCE_ROOT</string>
		</dict>
		<key>3983591D195847210053E47D</key>
		<dict>
			<key>fileRef</key>
			<string>3983591C195847210053E47D</string>
			<key>isa</key>
			<string>PBXBuildFile</string>
		</dict>
		<key>3983591E1958472B0053E47D</key>
		<dict>
			<key>children</key>
			<array>
				<string>3983591F1958472B0053E47D</string>
			</array>
			<key>isa</key>
			<string>PBXVariantGroup</string>
			<key>name</key>
			<string>InfoPlist.strings</string>
			<key>sourceTree</key>
			<string>&lt;group&gt;</string>
		</dict>
		<key>3983591F1958472B0053E47D</key>
		<dict>
			<key>isa</key>
			<string>PBXFileReference</string>
			<key>lastKnownFileType</key>
			<string>text.plist.strings</string>
			<key>name</key>
			<string>en</string>
			<key>path</key>
			<string>QULQuestionnaire-Demo/en.lproj/InfoPlist.strings</string>
			<key>sourceTree</key>
			<string>SOURCE_ROOT</string>
		</dict>
		<key>398359201958472B0053E47D</key>
		<dict>
			<key>fileRef</key>
			<string>3983591E1958472B0053E47D</string>
			<key>isa</key>
			<string>PBXBuildFile</string>
		</dict>
		<key>39835921195847310053E47D</key>
		<dict>
			<key>children</key>
			<array>
				<string>39835922195847310053E47D</string>
			</array>
			<key>isa</key>
			<string>PBXVariantGroup</string>
			<key>name</key>
			<string>Main.storyboard</string>
			<key>sourceTree</key>
			<string>&lt;group&gt;</string>
		</dict>
		<key>39835922195847310053E47D</key>
		<dict>
			<key>isa</key>
			<string>PBXFileReference</string>
			<key>lastKnownFileType</key>
			<string>file.storyboard</string>
			<key>name</key>
			<string>Base</string>
			<key>path</key>
			<string>QULQuestionnaire-Demo/Base.lproj/Main.storyboard</string>
			<key>sourceTree</key>
			<string>SOURCE_ROOT</string>
		</dict>
		<key>39835923195847310053E47D</key>
		<dict>
			<key>fileRef</key>
			<string>39835921195847310053E47D</string>
			<key>isa</key>
			<string>PBXBuildFile</string>
		</dict>
		<key>398359241958474D0053E47D</key>
		<dict>
			<key>children</key>
			<array>
				<string>3983592B195847700053E47D</string>
				<string>398359251958475F0053E47D</string>
				<string>398359261958475F0053E47D</string>
				<string>3983593C195848E10053E47D</string>
				<string>3983593D195848E10053E47D</string>
				<string>3956690D19B9953B003B8FDB</string>
				<string>3922D5F019503B5C00950F37</string>
				<string>39D8128919502D3E0041847C</string>
				<string>393F70A41947585A00CCC54C</string>
				<string>3971327E1940BD9900BD87DF</string>
				<string>397132731940A0A000BD87DF</string>
				<string>396FF837194099A60099714B</string>
			</array>
			<key>isa</key>
			<string>PBXGroup</string>
			<key>name</key>
			<string>QULQuestionnaire</string>
			<key>sourceTree</key>
			<string>&lt;group&gt;</string>
		</dict>
		<key>398359251958475F0053E47D</key>
		<dict>
			<key>fileEncoding</key>
			<string>4</string>
			<key>isa</key>
			<string>PBXFileReference</string>
			<key>lastKnownFileType</key>
			<string>sourcecode.c.h</string>
			<key>name</key>
			<string>QULQuestionnaireViewController.h</string>
			<key>path</key>
			<string>QULQuestionnaire/QULQuestionnaireViewController.h</string>
			<key>sourceTree</key>
			<string>SOURCE_ROOT</string>
		</dict>
		<key>398359261958475F0053E47D</key>
		<dict>
			<key>fileEncoding</key>
			<string>4</string>
			<key>isa</key>
			<string>PBXFileReference</string>
			<key>lastKnownFileType</key>
			<string>sourcecode.c.objc</string>
			<key>name</key>
			<string>QULQuestionnaireViewController.m</string>
			<key>path</key>
			<string>QULQuestionnaire/QULQuestionnaireViewController.m</string>
			<key>sourceTree</key>
			<string>SOURCE_ROOT</string>
		</dict>
		<key>39835928195847680053E47D</key>
		<dict>
			<key>fileEncoding</key>
			<string>4</string>
			<key>isa</key>
			<string>PBXFileReference</string>
			<key>lastKnownFileType</key>
			<string>sourcecode.c.h</string>
			<key>name</key>
			<string>QULQuestionnaireMultiSelectViewController.h</string>
			<key>path</key>
			<string>QULQuestionnaire/MultipleSelection/QULQuestionnaireMultiSelectViewController.h</string>
			<key>sourceTree</key>
			<string>SOURCE_ROOT</string>
		</dict>
		<key>39835929195847680053E47D</key>
		<dict>
			<key>fileEncoding</key>
			<string>4</string>
			<key>isa</key>
			<string>PBXFileReference</string>
			<key>lastKnownFileType</key>
			<string>sourcecode.c.objc</string>
			<key>name</key>
			<string>QULQuestionnaireMultiSelectViewController.m</string>
			<key>path</key>
			<string>QULQuestionnaire/MultipleSelection/QULQuestionnaireMultiSelectViewController.m</string>
			<key>sourceTree</key>
			<string>SOURCE_ROOT</string>
		</dict>
		<key>3983592A195847680053E47D</key>
		<dict>
			<key>fileRef</key>
			<string>39835929195847680053E47D</string>
			<key>isa</key>
			<string>PBXBuildFile</string>
		</dict>
		<key>3983592B195847700053E47D</key>
		<dict>
			<key>isa</key>
			<string>PBXFileReference</string>
			<key>lastKnownFileType</key>
			<string>folder.assetcatalog</string>
			<key>name</key>
			<string>QULQuestionnaireImages.xcassets</string>
			<key>path</key>
			<string>QULQuestionnaire/QULQuestionnaireImages.xcassets</string>
			<key>sourceTree</key>
			<string>SOURCE_ROOT</string>
		</dict>
		<key>3983592C195847700053E47D</key>
		<dict>
			<key>fileRef</key>
			<string>3983592B195847700053E47D</string>
			<key>isa</key>
			<string>PBXBuildFile</string>
		</dict>
		<key>3983592D195847790053E47D</key>
		<dict>
			<key>fileEncoding</key>
			<string>4</string>
			<key>isa</key>
			<string>PBXFileReference</string>
			<key>lastKnownFileType</key>
			<string>sourcecode.c.h</string>
			<key>name</key>
			<string>QULQuestionnaireSingleSelectViewController.h</string>
			<key>path</key>
			<string>QULQuestionnaire/SingleSelection/QULQuestionnaireSingleSelectViewController.h</string>
			<key>sourceTree</key>
			<string>SOURCE_ROOT</string>
		</dict>
		<key>3983592E195847790053E47D</key>
		<dict>
			<key>fileEncoding</key>
			<string>4</string>
			<key>isa</key>
			<string>PBXFileReference</string>
			<key>lastKnownFileType</key>
			<string>sourcecode.c.objc</string>
			<key>name</key>
			<string>QULQuestionnaireSingleSelectViewController.m</string>
			<key>path</key>
			<string>QULQuestionnaire/SingleSelection/QULQuestionnaireSingleSelectViewController.m</string>
			<key>sourceTree</key>
			<string>SOURCE_ROOT</string>
		</dict>
		<key>3983592F195847790053E47D</key>
		<dict>
			<key>fileRef</key>
			<string>3983592E195847790053E47D</string>
			<key>isa</key>
			<string>PBXBuildFile</string>
		</dict>
		<key>39835930195847810053E47D</key>
		<dict>
			<key>fileEncoding</key>
			<string>4</string>
			<key>isa</key>
			<string>PBXFileReference</string>
			<key>lastKnownFileType</key>
			<string>sourcecode.c.h</string>
			<key>name</key>
			<string>QULQuestionnaireSliderViewController.h</string>
			<key>path</key>
			<string>QULQuestionnaire/Slider/QULQuestionnaireSliderViewController.h</string>
			<key>sourceTree</key>
			<string>SOURCE_ROOT</string>
		</dict>
		<key>39835931195847810053E47D</key>
		<dict>
			<key>fileEncoding</key>
			<string>4</string>
			<key>isa</key>
			<string>PBXFileReference</string>
			<key>lastKnownFileType</key>
			<string>sourcecode.c.objc</string>
			<key>name</key>
			<string>QULQuestionnaireSliderViewController.m</string>
			<key>path</key>
			<string>QULQuestionnaire/Slider/QULQuestionnaireSliderViewController.m</string>
			<key>sourceTree</key>
			<string>SOURCE_ROOT</string>
		</dict>
		<key>39835932195847810053E47D</key>
		<dict>
			<key>fileRef</key>
			<string>39835931195847810053E47D</string>
			<key>isa</key>
			<string>PBXBuildFile</string>
		</dict>
		<key>39835933195847870053E47D</key>
		<dict>
			<key>fileEncoding</key>
			<string>4</string>
			<key>isa</key>
			<string>PBXFileReference</string>
			<key>lastKnownFileType</key>
			<string>sourcecode.c.h</string>
			<key>name</key>
			<string>QULQuestionnaireSmileyViewController.h</string>
			<key>path</key>
			<string>QULQuestionnaire/Smiley/QULQuestionnaireSmileyViewController.h</string>
			<key>sourceTree</key>
			<string>SOURCE_ROOT</string>
		</dict>
		<key>39835934195847870053E47D</key>
		<dict>
			<key>fileEncoding</key>
			<string>4</string>
			<key>isa</key>
			<string>PBXFileReference</string>
			<key>lastKnownFileType</key>
			<string>sourcecode.c.objc</string>
			<key>name</key>
			<string>QULQuestionnaireSmileyViewController.m</string>
			<key>path</key>
			<string>QULQuestionnaire/Smiley/QULQuestionnaireSmileyViewController.m</string>
			<key>sourceTree</key>
			<string>SOURCE_ROOT</string>
		</dict>
		<key>39835935195847870053E47D</key>
		<dict>
			<key>fileRef</key>
			<string>39835934195847870053E47D</string>
			<key>isa</key>
			<string>PBXBuildFile</string>
		</dict>
		<key>398359361958478F0053E47D</key>
		<dict>
			<key>fileEncoding</key>
			<string>4</string>
			<key>isa</key>
			<string>PBXFileReference</string>
			<key>lastKnownFileType</key>
			<string>sourcecode.c.h</string>
			<key>name</key>
			<string>QULQuestionnaireSortableViewController.h</string>
			<key>path</key>
			<string>QULQuestionnaire/Sortable/QULQuestionnaireSortableViewController.h</string>
			<key>sourceTree</key>
			<string>SOURCE_ROOT</string>
		</dict>
		<key>398359371958478F0053E47D</key>
		<dict>
			<key>fileEncoding</key>
			<string>4</string>
			<key>isa</key>
			<string>PBXFileReference</string>
			<key>lastKnownFileType</key>
			<string>sourcecode.c.objc</string>
			<key>name</key>
			<string>QULQuestionnaireSortableViewController.m</string>
			<key>path</key>
			<string>QULQuestionnaire/Sortable/QULQuestionnaireSortableViewController.m</string>
			<key>sourceTree</key>
			<string>SOURCE_ROOT</string>
		</dict>
		<key>398359381958478F0053E47D</key>
		<dict>
			<key>fileRef</key>
			<string>398359371958478F0053E47D</string>
			<key>isa</key>
			<string>PBXBuildFile</string>
		</dict>
		<key>39835939195847990053E47D</key>
		<dict>
			<key>fileEncoding</key>
			<string>4</string>
			<key>isa</key>
			<string>PBXFileReference</string>
			<key>lastKnownFileType</key>
			<string>sourcecode.c.h</string>
			<key>name</key>
			<string>QULQuestionnaireTextViewController.h</string>
			<key>path</key>
			<string>QULQuestionnaire/Text/QULQuestionnaireTextViewController.h</string>
			<key>sourceTree</key>
			<string>SOURCE_ROOT</string>
		</dict>
		<key>3983593A195847990053E47D</key>
		<dict>
			<key>fileEncoding</key>
			<string>4</string>
			<key>isa</key>
			<string>PBXFileReference</string>
			<key>lastKnownFileType</key>
			<string>sourcecode.c.objc</string>
			<key>name</key>
			<string>QULQuestionnaireTextViewController.m</string>
			<key>path</key>
			<string>QULQuestionnaire/Text/QULQuestionnaireTextViewController.m</string>
			<key>sourceTree</key>
			<string>SOURCE_ROOT</string>
		</dict>
		<key>3983593B195847990053E47D</key>
		<dict>
			<key>fileRef</key>
			<string>3983593A195847990053E47D</string>
			<key>isa</key>
			<string>PBXBuildFile</string>
		</dict>
		<key>3983593C195848E10053E47D</key>
		<dict>
			<key>fileEncoding</key>
			<string>4</string>
			<key>isa</key>
			<string>PBXFileReference</string>
			<key>lastKnownFileType</key>
			<string>sourcecode.c.h</string>
			<key>name</key>
			<string>NSMutableArray+Shuffle.h</string>
			<key>path</key>
			<string>QULQuestionnaire/NSMutableArray+Shuffle.h</string>
			<key>sourceTree</key>
			<string>SOURCE_ROOT</string>
		</dict>
		<key>3983593D195848E10053E47D</key>
		<dict>
			<key>fileEncoding</key>
			<string>4</string>
			<key>isa</key>
			<string>PBXFileReference</string>
			<key>lastKnownFileType</key>
			<string>sourcecode.c.objc</string>
			<key>name</key>
			<string>NSMutableArray+Shuffle.m</string>
			<key>path</key>
			<string>QULQuestionnaire/NSMutableArray+Shuffle.m</string>
			<key>sourceTree</key>
			<string>SOURCE_ROOT</string>
		</dict>
		<key>3983593E195848E10053E47D</key>
		<dict>
			<key>fileRef</key>
			<string>3983593D195848E10053E47D</string>
			<key>isa</key>
			<string>PBXBuildFile</string>
		</dict>
		<key>3983593F195849A50053E47D</key>
		<dict>
			<key>fileEncoding</key>
			<string>4</string>
			<key>isa</key>
			<string>PBXFileReference</string>
			<key>lastKnownFileType</key>
			<string>sourcecode.c.h</string>
			<key>name</key>
			<string>QULViewController.h</string>
			<key>path</key>
			<string>QULQuestionnaire-Demo/QULViewController.h</string>
			<key>sourceTree</key>
			<string>SOURCE_ROOT</string>
		</dict>
		<key>39835940195849A50053E47D</key>
		<dict>
			<key>fileEncoding</key>
			<string>4</string>
			<key>isa</key>
			<string>PBXFileReference</string>
			<key>lastKnownFileType</key>
			<string>sourcecode.c.objc</string>
			<key>name</key>
			<string>QULViewController.m</string>
			<key>path</key>
			<string>QULQuestionnaire-Demo/QULViewController.m</string>
			<key>sourceTree</key>
			<string>SOURCE_ROOT</string>
		</dict>
		<key>39835941195849A50053E47D</key>
		<dict>
			<key>fileRef</key>
			<string>39835940195849A50053E47D</string>
			<key>isa</key>
			<string>PBXBuildFile</string>
		</dict>
		<key>3983594319584A2F0053E47D</key>
		<dict>
			<key>fileRef</key>
			<string>398359261958475F0053E47D</string>
			<key>isa</key>
			<string>PBXBuildFile</string>
		</dict>
		<key>39D8128919502D3E0041847C</key>
		<dict>
			<key>children</key>
			<array>
				<string>39835928195847680053E47D</string>
				<string>39835929195847680053E47D</string>
			</array>
			<key>isa</key>
			<string>PBXGroup</string>
			<key>name</key>
			<string>MultipleSelection</string>
			<key>sourceTree</key>
			<string>&lt;group&gt;</string>
		</dict>
		<key>578078E0179665AFBDDEF395</key>
		<dict>
			<key>includeInIndex</key>
			<string>1</string>
			<key>isa</key>
			<string>PBXFileReference</string>
			<key>lastKnownFileType</key>
			<string>text.xcconfig</string>
			<key>name</key>
			<string>Pods.debug.xcconfig</string>
			<key>path</key>
			<string>Pods/Target Support Files/Pods/Pods.debug.xcconfig</string>
			<key>sourceTree</key>
			<string>&lt;group&gt;</string>
		</dict>
		<key>698F19D7E5FF41F09F7D2F45</key>
		<dict>
			<key>buildActionMask</key>
			<string>2147483647</string>
			<key>files</key>
			<array/>
			<key>inputPaths</key>
			<array/>
			<key>isa</key>
			<string>PBXShellScriptBuildPhase</string>
			<key>name</key>
			<string>Check Pods Manifest.lock</string>
			<key>outputPaths</key>
			<array/>
			<key>runOnlyForDeploymentPostprocessing</key>
			<string>0</string>
			<key>shellPath</key>
			<string>/bin/sh</string>
			<key>shellScript</key>
			<string>diff "${PODS_ROOT}/../Podfile.lock" "${PODS_ROOT}/Manifest.lock" &gt; /dev/null
if [[ $? != 0 ]] ; then
    cat &lt;&lt; EOM
error: The sandbox is not in sync with the Podfile.lock. Run 'pod install' or update your CocoaPods installation.
EOM
    exit 1
fi
</string>
			<key>showEnvVarsInLog</key>
			<string>0</string>
		</dict>
		<key>AB49AF2D16D34E8587BF8FF3</key>
		<dict>
			<key>fileRef</key>
			<string>DD47CCE44713423884CB82E6</string>
			<key>isa</key>
			<string>PBXBuildFile</string>
		</dict>
		<key>B2B3FB6A08054815972401D9</key>
		<dict>
			<key>buildActionMask</key>
			<string>2147483647</string>
			<key>files</key>
			<array/>
			<key>inputPaths</key>
			<array/>
			<key>isa</key>
			<string>PBXShellScriptBuildPhase</string>
			<key>name</key>
			<string>Copy Pods Resources</string>
			<key>outputPaths</key>
			<array/>
			<key>runOnlyForDeploymentPostprocessing</key>
			<string>0</string>
			<key>shellPath</key>
			<string>/bin/sh</string>
			<key>shellScript</key>
			<string>"${SRCROOT}/Pods/Target Support Files/Pods/Pods-resources.sh"
</string>
			<key>showEnvVarsInLog</key>
			<string>0</string>
		</dict>
		<key>DD47CCE44713423884CB82E6</key>
		<dict>
			<key>explicitFileType</key>
			<string>archive.ar</string>
			<key>includeInIndex</key>
			<string>0</string>
			<key>isa</key>
			<string>PBXFileReference</string>
			<key>path</key>
			<string>libPods.a</string>
			<key>sourceTree</key>
			<string>BUILT_PRODUCTS_DIR</string>
		</dict>
		<key>E8C348EAAA02DE2023F11D91</key>
		<dict>
			<key>includeInIndex</key>
			<string>1</string>
			<key>isa</key>
			<string>PBXFileReference</string>
			<key>lastKnownFileType</key>
			<string>text.xcconfig</string>
			<key>name</key>
			<string>Pods.release.xcconfig</string>
			<key>path</key>
			<string>Pods/Target Support Files/Pods/Pods.release.xcconfig</string>
			<key>sourceTree</key>
			<string>&lt;group&gt;</string>
		</dict>
	</dict>
	<key>rootObject</key>
	<string>396FF7F2194096AE0099714B</string>
</dict>
</plist>
